// !$*UTF8*$!
{
	archiveVersion = 1;
	classes = {
	};
	objectVersion = 55;
	objects = {

/* Begin PBXBuildFile section */
		CD024606273FF71100C4E1E7 /* Zoom.swift in Sources */ = {isa = PBXBuildFile; fileRef = CD024605273FF71100C4E1E7 /* Zoom.swift */; };
		CD02460A2740187400C4E1E7 /* Innmind.xcdatamodeld in Sources */ = {isa = PBXBuildFile; fileRef = CD0246082740187400C4E1E7 /* Innmind.xcdatamodeld */; };
		CD04CAFE2967251800F941EA /* CLI.swift in Sources */ = {isa = PBXBuildFile; fileRef = CD04CAFD2967251800F941EA /* CLI.swift */; };
		CD04CB0229672F8C00F941EA /* Vendor.swift in Sources */ = {isa = PBXBuildFile; fileRef = CD04CB0129672F8C00F941EA /* Vendor.swift */; };
		CD127C24272FDA7500CFEBB2 /* SvgView.swift in Sources */ = {isa = PBXBuildFile; fileRef = CD127C23272FDA7500CFEBB2 /* SvgView.swift */; };
		CD127C28272FDE4900CFEBB2 /* DependenciesView.swift in Sources */ = {isa = PBXBuildFile; fileRef = CD127C27272FDE4900CFEBB2 /* DependenciesView.swift */; };
		CD127C2A272FDEA200CFEBB2 /* DependentsView.swift in Sources */ = {isa = PBXBuildFile; fileRef = CD127C29272FDEA200CFEBB2 /* DependentsView.swift */; };
		CD127C2C272FF42800CFEBB2 /* InnmindCommands.swift in Sources */ = {isa = PBXBuildFile; fileRef = CD127C2B272FF42800CFEBB2 /* InnmindCommands.swift */; };
		CD21EA45272F0CDB00EF05D5 /* WebKit.framework in Frameworks */ = {isa = PBXBuildFile; fileRef = CD21EA44272F0CDB00EF05D5 /* WebKit.framework */; platformFilters = (maccatalyst, macos, ); };
		CD46025B274116930080B1B3 /* Persistence.swift in Sources */ = {isa = PBXBuildFile; fileRef = CD46025A274116930080B1B3 /* Persistence.swift */; };
		CD46025D2741573E0080B1B3 /* LoadingView.swift in Sources */ = {isa = PBXBuildFile; fileRef = CD46025C2741573E0080B1B3 /* LoadingView.swift */; };
		CD5D132D272EADCC00944E3F /* InnmindApp.swift in Sources */ = {isa = PBXBuildFile; fileRef = CD5D132C272EADCC00944E3F /* InnmindApp.swift */; };
		CD5D132F272EADCC00944E3F /* ContentView.swift in Sources */ = {isa = PBXBuildFile; fileRef = CD5D132E272EADCC00944E3F /* ContentView.swift */; };
		CD5D1331272EADCD00944E3F /* Assets.xcassets in Resources */ = {isa = PBXBuildFile; fileRef = CD5D1330272EADCD00944E3F /* Assets.xcassets */; };
		CD5D1334272EADCD00944E3F /* Preview Assets.xcassets in Resources */ = {isa = PBXBuildFile; fileRef = CD5D1333272EADCD00944E3F /* Preview Assets.xcassets */; };
		CD5D133F272EADCD00944E3F /* InnmindTests.swift in Sources */ = {isa = PBXBuildFile; fileRef = CD5D133E272EADCD00944E3F /* InnmindTests.swift */; };
		CD5D1349272EADCD00944E3F /* InnmindUITests.swift in Sources */ = {isa = PBXBuildFile; fileRef = CD5D1348272EADCD00944E3F /* InnmindUITests.swift */; };
		CD5D134B272EADCD00944E3F /* InnmindUITestsLaunchTests.swift in Sources */ = {isa = PBXBuildFile; fileRef = CD5D134A272EADCD00944E3F /* InnmindUITestsLaunchTests.swift */; };
		CD8A9654272EE25F00C5FF56 /* PackageGraphs.swift in Sources */ = {isa = PBXBuildFile; fileRef = CD8A9653272EE25F00C5FF56 /* PackageGraphs.swift */; };
		CD8A9656272EE33000C5FF56 /* VendorView.swift in Sources */ = {isa = PBXBuildFile; fileRef = CD8A9655272EE33000C5FF56 /* VendorView.swift */; };
		CD8F91B3273EA17A005C9ADA /* Svg.swift in Sources */ = {isa = PBXBuildFile; fileRef = CD8F91B2273EA17A005C9ADA /* Svg.swift */; };
		CD9FFBC029686C9C00730127 /* HTTP.swift in Sources */ = {isa = PBXBuildFile; fileRef = CD9FFBBF29686C9C00730127 /* HTTP.swift */; };
		CD9FFBC229687E2900730127 /* App.swift in Sources */ = {isa = PBXBuildFile; fileRef = CD9FFBC129687E2900730127 /* App.swift */; };
		CDC6C7C12968817800BE6D86 /* WindowView.swift in Sources */ = {isa = PBXBuildFile; fileRef = CDC6C7C02968817800BE6D86 /* WindowView.swift */; };
		CDD8E5F629670A610043BFF2 /* Packagist.swift in Sources */ = {isa = PBXBuildFile; fileRef = CDD8E5F529670A610043BFF2 /* Packagist.swift */; };
/* End PBXBuildFile section */

/* Begin PBXContainerItemProxy section */
		CD5D133B272EADCD00944E3F /* PBXContainerItemProxy */ = {
			isa = PBXContainerItemProxy;
			containerPortal = CD5D1321272EADCC00944E3F /* Project object */;
			proxyType = 1;
			remoteGlobalIDString = CD5D1328272EADCC00944E3F;
			remoteInfo = Innmind;
		};
		CD5D1345272EADCD00944E3F /* PBXContainerItemProxy */ = {
			isa = PBXContainerItemProxy;
			containerPortal = CD5D1321272EADCC00944E3F /* Project object */;
			proxyType = 1;
			remoteGlobalIDString = CD5D1328272EADCC00944E3F;
			remoteInfo = Innmind;
		};
/* End PBXContainerItemProxy section */

/* Begin PBXFileReference section */
		CD024605273FF71100C4E1E7 /* Zoom.swift */ = {isa = PBXFileReference; lastKnownFileType = sourcecode.swift; path = Zoom.swift; sourceTree = "<group>"; };
		CD0246092740187400C4E1E7 /* Innmind.xcdatamodel */ = {isa = PBXFileReference; lastKnownFileType = wrapper.xcdatamodel; path = Innmind.xcdatamodel; sourceTree = "<group>"; };
		CD04CAFD2967251800F941EA /* CLI.swift */ = {isa = PBXFileReference; lastKnownFileType = sourcecode.swift; path = CLI.swift; sourceTree = "<group>"; };
		CD04CB0129672F8C00F941EA /* Vendor.swift */ = {isa = PBXFileReference; lastKnownFileType = sourcecode.swift; path = Vendor.swift; sourceTree = "<group>"; };
		CD127C23272FDA7500CFEBB2 /* SvgView.swift */ = {isa = PBXFileReference; lastKnownFileType = sourcecode.swift; path = SvgView.swift; sourceTree = "<group>"; };
		CD127C27272FDE4900CFEBB2 /* DependenciesView.swift */ = {isa = PBXFileReference; lastKnownFileType = sourcecode.swift; path = DependenciesView.swift; sourceTree = "<group>"; };
		CD127C29272FDEA200CFEBB2 /* DependentsView.swift */ = {isa = PBXFileReference; lastKnownFileType = sourcecode.swift; path = DependentsView.swift; sourceTree = "<group>"; };
		CD127C2B272FF42800CFEBB2 /* InnmindCommands.swift */ = {isa = PBXFileReference; lastKnownFileType = sourcecode.swift; path = InnmindCommands.swift; sourceTree = "<group>"; };
		CD21EA44272F0CDB00EF05D5 /* WebKit.framework */ = {isa = PBXFileReference; lastKnownFileType = wrapper.framework; name = WebKit.framework; path = System/Library/Frameworks/WebKit.framework; sourceTree = SDKROOT; };
		CD46025A274116930080B1B3 /* Persistence.swift */ = {isa = PBXFileReference; lastKnownFileType = sourcecode.swift; path = Persistence.swift; sourceTree = "<group>"; };
		CD46025C2741573E0080B1B3 /* LoadingView.swift */ = {isa = PBXFileReference; lastKnownFileType = sourcecode.swift; path = LoadingView.swift; sourceTree = "<group>"; };
		CD5D1329272EADCC00944E3F /* Innmind.app */ = {isa = PBXFileReference; explicitFileType = wrapper.application; includeInIndex = 0; path = Innmind.app; sourceTree = BUILT_PRODUCTS_DIR; };
		CD5D132C272EADCC00944E3F /* InnmindApp.swift */ = {isa = PBXFileReference; lastKnownFileType = sourcecode.swift; path = InnmindApp.swift; sourceTree = "<group>"; };
		CD5D132E272EADCC00944E3F /* ContentView.swift */ = {isa = PBXFileReference; lastKnownFileType = sourcecode.swift; path = ContentView.swift; sourceTree = "<group>"; };
		CD5D1330272EADCD00944E3F /* Assets.xcassets */ = {isa = PBXFileReference; lastKnownFileType = folder.assetcatalog; path = Assets.xcassets; sourceTree = "<group>"; };
		CD5D1333272EADCD00944E3F /* Preview Assets.xcassets */ = {isa = PBXFileReference; lastKnownFileType = folder.assetcatalog; path = "Preview Assets.xcassets"; sourceTree = "<group>"; };
		CD5D1335272EADCD00944E3F /* Innmind.entitlements */ = {isa = PBXFileReference; lastKnownFileType = text.plist.entitlements; path = Innmind.entitlements; sourceTree = "<group>"; };
		CD5D133A272EADCD00944E3F /* InnmindTests.xctest */ = {isa = PBXFileReference; explicitFileType = wrapper.cfbundle; includeInIndex = 0; path = InnmindTests.xctest; sourceTree = BUILT_PRODUCTS_DIR; };
		CD5D133E272EADCD00944E3F /* InnmindTests.swift */ = {isa = PBXFileReference; lastKnownFileType = sourcecode.swift; path = InnmindTests.swift; sourceTree = "<group>"; };
		CD5D1344272EADCD00944E3F /* InnmindUITests.xctest */ = {isa = PBXFileReference; explicitFileType = wrapper.cfbundle; includeInIndex = 0; path = InnmindUITests.xctest; sourceTree = BUILT_PRODUCTS_DIR; };
		CD5D1348272EADCD00944E3F /* InnmindUITests.swift */ = {isa = PBXFileReference; lastKnownFileType = sourcecode.swift; path = InnmindUITests.swift; sourceTree = "<group>"; };
		CD5D134A272EADCD00944E3F /* InnmindUITestsLaunchTests.swift */ = {isa = PBXFileReference; lastKnownFileType = sourcecode.swift; path = InnmindUITestsLaunchTests.swift; sourceTree = "<group>"; };
		CD8A9653272EE25F00C5FF56 /* PackageGraphs.swift */ = {isa = PBXFileReference; lastKnownFileType = sourcecode.swift; path = PackageGraphs.swift; sourceTree = "<group>"; };
		CD8A9655272EE33000C5FF56 /* VendorView.swift */ = {isa = PBXFileReference; lastKnownFileType = sourcecode.swift; path = VendorView.swift; sourceTree = "<group>"; };
		CD8F91B2273EA17A005C9ADA /* Svg.swift */ = {isa = PBXFileReference; lastKnownFileType = sourcecode.swift; path = Svg.swift; sourceTree = "<group>"; };
		CD9FFBBF29686C9C00730127 /* HTTP.swift */ = {isa = PBXFileReference; lastKnownFileType = sourcecode.swift; path = HTTP.swift; sourceTree = "<group>"; };
		CD9FFBC129687E2900730127 /* App.swift */ = {isa = PBXFileReference; lastKnownFileType = sourcecode.swift; path = App.swift; sourceTree = "<group>"; };
		CDC6C7C02968817800BE6D86 /* WindowView.swift */ = {isa = PBXFileReference; lastKnownFileType = sourcecode.swift; path = WindowView.swift; sourceTree = "<group>"; };
		CDD8E5F529670A610043BFF2 /* Packagist.swift */ = {isa = PBXFileReference; lastKnownFileType = sourcecode.swift; path = Packagist.swift; sourceTree = "<group>"; };
/* End PBXFileReference section */

/* Begin PBXFrameworksBuildPhase section */
		CD5D1326272EADCC00944E3F /* Frameworks */ = {
			isa = PBXFrameworksBuildPhase;
			buildActionMask = 2147483647;
			files = (
				CD21EA45272F0CDB00EF05D5 /* WebKit.framework in Frameworks */,
			);
			runOnlyForDeploymentPostprocessing = 0;
		};
		CD5D1337272EADCD00944E3F /* Frameworks */ = {
			isa = PBXFrameworksBuildPhase;
			buildActionMask = 2147483647;
			files = (
			);
			runOnlyForDeploymentPostprocessing = 0;
		};
		CD5D1341272EADCD00944E3F /* Frameworks */ = {
			isa = PBXFrameworksBuildPhase;
			buildActionMask = 2147483647;
			files = (
			);
			runOnlyForDeploymentPostprocessing = 0;
		};
/* End PBXFrameworksBuildPhase section */

/* Begin PBXGroup section */
		CD04CAFC296724BB00F941EA /* Actors */ = {
			isa = PBXGroup;
			children = (
				CD04CAFD2967251800F941EA /* CLI.swift */,
				CD04CB0129672F8C00F941EA /* Vendor.swift */,
				CD9FFBBF29686C9C00730127 /* HTTP.swift */,
				CD9FFBC129687E2900730127 /* App.swift */,
			);
			path = Actors;
			sourceTree = "<group>";
		};
		CD21EA43272F0CDB00EF05D5 /* Frameworks */ = {
			isa = PBXGroup;
			children = (
				CD21EA44272F0CDB00EF05D5 /* WebKit.framework */,
			);
			name = Frameworks;
			sourceTree = "<group>";
		};
		CD5D1320272EADCC00944E3F = {
			isa = PBXGroup;
			children = (
				CD5D132B272EADCC00944E3F /* Innmind */,
				CD5D133D272EADCD00944E3F /* InnmindTests */,
				CD5D1347272EADCD00944E3F /* InnmindUITests */,
				CD5D132A272EADCC00944E3F /* Products */,
				CD21EA43272F0CDB00EF05D5 /* Frameworks */,
			);
			sourceTree = "<group>";
		};
		CD5D132A272EADCC00944E3F /* Products */ = {
			isa = PBXGroup;
			children = (
				CD5D1329272EADCC00944E3F /* Innmind.app */,
				CD5D133A272EADCD00944E3F /* InnmindTests.xctest */,
				CD5D1344272EADCD00944E3F /* InnmindUITests.xctest */,
			);
			name = Products;
			sourceTree = "<group>";
		};
		CD5D132B272EADCC00944E3F /* Innmind */ = {
			isa = PBXGroup;
			children = (
				CD04CAFC296724BB00F941EA /* Actors */,
				CD5D132C272EADCC00944E3F /* InnmindApp.swift */,
				CD8A9650272EDF0100C5FF56 /* Views */,
				CD5D1330272EADCD00944E3F /* Assets.xcassets */,
				CD8A964F272EDED500C5FF56 /* Model */,
				CD5D1335272EADCD00944E3F /* Innmind.entitlements */,
				CD5D1332272EADCD00944E3F /* Preview Content */,
				CD127C2B272FF42800CFEBB2 /* InnmindCommands.swift */,
				CD0246082740187400C4E1E7 /* Innmind.xcdatamodeld */,
				CD46025A274116930080B1B3 /* Persistence.swift */,
			);
			path = Innmind;
			sourceTree = "<group>";
		};
		CD5D1332272EADCD00944E3F /* Preview Content */ = {
			isa = PBXGroup;
			children = (
				CD5D1333272EADCD00944E3F /* Preview Assets.xcassets */,
			);
			path = "Preview Content";
			sourceTree = "<group>";
		};
		CD5D133D272EADCD00944E3F /* InnmindTests */ = {
			isa = PBXGroup;
			children = (
				CD5D133E272EADCD00944E3F /* InnmindTests.swift */,
			);
			path = InnmindTests;
			sourceTree = "<group>";
		};
		CD5D1347272EADCD00944E3F /* InnmindUITests */ = {
			isa = PBXGroup;
			children = (
				CD5D1348272EADCD00944E3F /* InnmindUITests.swift */,
				CD5D134A272EADCD00944E3F /* InnmindUITestsLaunchTests.swift */,
			);
			path = InnmindUITests;
			sourceTree = "<group>";
		};
		CD8A964F272EDED500C5FF56 /* Model */ = {
			isa = PBXGroup;
			children = (
				CD8F91B2273EA17A005C9ADA /* Svg.swift */,
				CD024605273FF71100C4E1E7 /* Zoom.swift */,
				CDD8E5F529670A610043BFF2 /* Packagist.swift */,
			);
			path = Model;
			sourceTree = "<group>";
		};
		CD8A9650272EDF0100C5FF56 /* Views */ = {
			isa = PBXGroup;
			children = (
				CD5D132E272EADCC00944E3F /* ContentView.swift */,
				CD8A9653272EE25F00C5FF56 /* PackageGraphs.swift */,
				CD8A9655272EE33000C5FF56 /* VendorView.swift */,
				CD127C23272FDA7500CFEBB2 /* SvgView.swift */,
				CD127C27272FDE4900CFEBB2 /* DependenciesView.swift */,
				CD127C29272FDEA200CFEBB2 /* DependentsView.swift */,
				CD46025C2741573E0080B1B3 /* LoadingView.swift */,
				CDC6C7C02968817800BE6D86 /* WindowView.swift */,
			);
			path = Views;
			sourceTree = "<group>";
		};
/* End PBXGroup section */

/* Begin PBXNativeTarget section */
		CD5D1328272EADCC00944E3F /* Innmind */ = {
			isa = PBXNativeTarget;
			buildConfigurationList = CD5D134E272EADCD00944E3F /* Build configuration list for PBXNativeTarget "Innmind" */;
			buildPhases = (
				CD5D1325272EADCC00944E3F /* Sources */,
				CD5D1326272EADCC00944E3F /* Frameworks */,
				CD5D1327272EADCC00944E3F /* Resources */,
			);
			buildRules = (
			);
			dependencies = (
			);
			name = Innmind;
			productName = Innmind;
			productReference = CD5D1329272EADCC00944E3F /* Innmind.app */;
			productType = "com.apple.product-type.application";
		};
		CD5D1339272EADCD00944E3F /* InnmindTests */ = {
			isa = PBXNativeTarget;
			buildConfigurationList = CD5D1351272EADCD00944E3F /* Build configuration list for PBXNativeTarget "InnmindTests" */;
			buildPhases = (
				CD5D1336272EADCD00944E3F /* Sources */,
				CD5D1337272EADCD00944E3F /* Frameworks */,
				CD5D1338272EADCD00944E3F /* Resources */,
			);
			buildRules = (
			);
			dependencies = (
				CD5D133C272EADCD00944E3F /* PBXTargetDependency */,
			);
			name = InnmindTests;
			productName = InnmindTests;
			productReference = CD5D133A272EADCD00944E3F /* InnmindTests.xctest */;
			productType = "com.apple.product-type.bundle.unit-test";
		};
		CD5D1343272EADCD00944E3F /* InnmindUITests */ = {
			isa = PBXNativeTarget;
			buildConfigurationList = CD5D1354272EADCD00944E3F /* Build configuration list for PBXNativeTarget "InnmindUITests" */;
			buildPhases = (
				CD5D1340272EADCD00944E3F /* Sources */,
				CD5D1341272EADCD00944E3F /* Frameworks */,
				CD5D1342272EADCD00944E3F /* Resources */,
			);
			buildRules = (
			);
			dependencies = (
				CD5D1346272EADCD00944E3F /* PBXTargetDependency */,
			);
			name = InnmindUITests;
			productName = InnmindUITests;
			productReference = CD5D1344272EADCD00944E3F /* InnmindUITests.xctest */;
			productType = "com.apple.product-type.bundle.ui-testing";
		};
/* End PBXNativeTarget section */

/* Begin PBXProject section */
		CD5D1321272EADCC00944E3F /* Project object */ = {
			isa = PBXProject;
			attributes = {
				BuildIndependentTargetsInParallel = 1;
				LastSwiftUpdateCheck = 1310;
				LastUpgradeCheck = 1320;
				TargetAttributes = {
					CD5D1328272EADCC00944E3F = {
						CreatedOnToolsVersion = 13.1;
					};
					CD5D1339272EADCD00944E3F = {
						CreatedOnToolsVersion = 13.1;
						TestTargetID = CD5D1328272EADCC00944E3F;
					};
					CD5D1343272EADCD00944E3F = {
						CreatedOnToolsVersion = 13.1;
						TestTargetID = CD5D1328272EADCC00944E3F;
					};
				};
			};
			buildConfigurationList = CD5D1324272EADCC00944E3F /* Build configuration list for PBXProject "Innmind" */;
			compatibilityVersion = "Xcode 13.0";
			developmentRegion = en;
			hasScannedForEncodings = 0;
			knownRegions = (
				en,
				Base,
			);
			mainGroup = CD5D1320272EADCC00944E3F;
			productRefGroup = CD5D132A272EADCC00944E3F /* Products */;
			projectDirPath = "";
			projectRoot = "";
			targets = (
				CD5D1328272EADCC00944E3F /* Innmind */,
				CD5D1339272EADCD00944E3F /* InnmindTests */,
				CD5D1343272EADCD00944E3F /* InnmindUITests */,
			);
		};
/* End PBXProject section */

/* Begin PBXResourcesBuildPhase section */
		CD5D1327272EADCC00944E3F /* Resources */ = {
			isa = PBXResourcesBuildPhase;
			buildActionMask = 2147483647;
			files = (
				CD5D1334272EADCD00944E3F /* Preview Assets.xcassets in Resources */,
				CD5D1331272EADCD00944E3F /* Assets.xcassets in Resources */,
			);
			runOnlyForDeploymentPostprocessing = 0;
		};
		CD5D1338272EADCD00944E3F /* Resources */ = {
			isa = PBXResourcesBuildPhase;
			buildActionMask = 2147483647;
			files = (
			);
			runOnlyForDeploymentPostprocessing = 0;
		};
		CD5D1342272EADCD00944E3F /* Resources */ = {
			isa = PBXResourcesBuildPhase;
			buildActionMask = 2147483647;
			files = (
			);
			runOnlyForDeploymentPostprocessing = 0;
		};
/* End PBXResourcesBuildPhase section */

/* Begin PBXSourcesBuildPhase section */
		CD5D1325272EADCC00944E3F /* Sources */ = {
			isa = PBXSourcesBuildPhase;
			buildActionMask = 2147483647;
			files = (
				CD02460A2740187400C4E1E7 /* Innmind.xcdatamodeld in Sources */,
				CD127C2C272FF42800CFEBB2 /* InnmindCommands.swift in Sources */,
				CD9FFBC229687E2900730127 /* App.swift in Sources */,
				CD127C24272FDA7500CFEBB2 /* SvgView.swift in Sources */,
				CD9FFBC029686C9C00730127 /* HTTP.swift in Sources */,
				CDC6C7C12968817800BE6D86 /* WindowView.swift in Sources */,
				CD04CB0229672F8C00F941EA /* Vendor.swift in Sources */,
				CD8F91B3273EA17A005C9ADA /* Svg.swift in Sources */,
				CD8A9654272EE25F00C5FF56 /* PackageGraphs.swift in Sources */,
				CD5D132F272EADCC00944E3F /* ContentView.swift in Sources */,
				CD46025B274116930080B1B3 /* Persistence.swift in Sources */,
				CD8A9656272EE33000C5FF56 /* VendorView.swift in Sources */,
				CD024606273FF71100C4E1E7 /* Zoom.swift in Sources */,
				CD5D132D272EADCC00944E3F /* InnmindApp.swift in Sources */,
				CD127C28272FDE4900CFEBB2 /* DependenciesView.swift in Sources */,
				CD127C2A272FDEA200CFEBB2 /* DependentsView.swift in Sources */,
				CDD8E5F629670A610043BFF2 /* Packagist.swift in Sources */,
				CD04CAFE2967251800F941EA /* CLI.swift in Sources */,
				CD46025D2741573E0080B1B3 /* LoadingView.swift in Sources */,
			);
			runOnlyForDeploymentPostprocessing = 0;
		};
		CD5D1336272EADCD00944E3F /* Sources */ = {
			isa = PBXSourcesBuildPhase;
			buildActionMask = 2147483647;
			files = (
				CD5D133F272EADCD00944E3F /* InnmindTests.swift in Sources */,
			);
			runOnlyForDeploymentPostprocessing = 0;
		};
		CD5D1340272EADCD00944E3F /* Sources */ = {
			isa = PBXSourcesBuildPhase;
			buildActionMask = 2147483647;
			files = (
				CD5D134B272EADCD00944E3F /* InnmindUITestsLaunchTests.swift in Sources */,
				CD5D1349272EADCD00944E3F /* InnmindUITests.swift in Sources */,
			);
			runOnlyForDeploymentPostprocessing = 0;
		};
/* End PBXSourcesBuildPhase section */

/* Begin PBXTargetDependency section */
		CD5D133C272EADCD00944E3F /* PBXTargetDependency */ = {
			isa = PBXTargetDependency;
			target = CD5D1328272EADCC00944E3F /* Innmind */;
			targetProxy = CD5D133B272EADCD00944E3F /* PBXContainerItemProxy */;
		};
		CD5D1346272EADCD00944E3F /* PBXTargetDependency */ = {
			isa = PBXTargetDependency;
			target = CD5D1328272EADCC00944E3F /* Innmind */;
			targetProxy = CD5D1345272EADCD00944E3F /* PBXContainerItemProxy */;
		};
/* End PBXTargetDependency section */

/* Begin XCBuildConfiguration section */
		CD5D134C272EADCD00944E3F /* Debug */ = {
			isa = XCBuildConfiguration;
			buildSettings = {
				ALWAYS_SEARCH_USER_PATHS = NO;
				CLANG_ANALYZER_NONNULL = YES;
				CLANG_ANALYZER_NUMBER_OBJECT_CONVERSION = YES_AGGRESSIVE;
				CLANG_CXX_LANGUAGE_STANDARD = "gnu++17";
				CLANG_CXX_LIBRARY = "libc++";
				CLANG_ENABLE_MODULES = YES;
				CLANG_ENABLE_OBJC_ARC = YES;
				CLANG_ENABLE_OBJC_WEAK = YES;
				CLANG_WARN_BLOCK_CAPTURE_AUTORELEASING = YES;
				CLANG_WARN_BOOL_CONVERSION = YES;
				CLANG_WARN_COMMA = YES;
				CLANG_WARN_CONSTANT_CONVERSION = YES;
				CLANG_WARN_DEPRECATED_OBJC_IMPLEMENTATIONS = YES;
				CLANG_WARN_DIRECT_OBJC_ISA_USAGE = YES_ERROR;
				CLANG_WARN_DOCUMENTATION_COMMENTS = YES;
				CLANG_WARN_EMPTY_BODY = YES;
				CLANG_WARN_ENUM_CONVERSION = YES;
				CLANG_WARN_INFINITE_RECURSION = YES;
				CLANG_WARN_INT_CONVERSION = YES;
				CLANG_WARN_NON_LITERAL_NULL_CONVERSION = YES;
				CLANG_WARN_OBJC_IMPLICIT_RETAIN_SELF = YES;
				CLANG_WARN_OBJC_LITERAL_CONVERSION = YES;
				CLANG_WARN_OBJC_ROOT_CLASS = YES_ERROR;
				CLANG_WARN_QUOTED_INCLUDE_IN_FRAMEWORK_HEADER = YES;
				CLANG_WARN_RANGE_LOOP_ANALYSIS = YES;
				CLANG_WARN_STRICT_PROTOTYPES = YES;
				CLANG_WARN_SUSPICIOUS_MOVE = YES;
				CLANG_WARN_UNGUARDED_AVAILABILITY = YES_AGGRESSIVE;
				CLANG_WARN_UNREACHABLE_CODE = YES;
				CLANG_WARN__DUPLICATE_METHOD_MATCH = YES;
				COPY_PHASE_STRIP = NO;
				DEAD_CODE_STRIPPING = YES;
				DEBUG_INFORMATION_FORMAT = dwarf;
				ENABLE_STRICT_OBJC_MSGSEND = YES;
				ENABLE_TESTABILITY = YES;
				GCC_C_LANGUAGE_STANDARD = gnu11;
				GCC_DYNAMIC_NO_PIC = NO;
				GCC_NO_COMMON_BLOCKS = YES;
				GCC_OPTIMIZATION_LEVEL = 0;
				GCC_PREPROCESSOR_DEFINITIONS = (
					"DEBUG=1",
					"$(inherited)",
				);
				GCC_WARN_64_TO_32_BIT_CONVERSION = YES;
				GCC_WARN_ABOUT_RETURN_TYPE = YES_ERROR;
				GCC_WARN_UNDECLARED_SELECTOR = YES;
				GCC_WARN_UNINITIALIZED_AUTOS = YES_AGGRESSIVE;
				GCC_WARN_UNUSED_FUNCTION = YES;
				GCC_WARN_UNUSED_VARIABLE = YES;
				MACOSX_DEPLOYMENT_TARGET = 12.0;
				MTL_ENABLE_DEBUG_INFO = INCLUDE_SOURCE;
				MTL_FAST_MATH = YES;
				ONLY_ACTIVE_ARCH = YES;
				SDKROOT = macosx;
				SWIFT_ACTIVE_COMPILATION_CONDITIONS = DEBUG;
				SWIFT_OPTIMIZATION_LEVEL = "-Onone";
			};
			name = Debug;
		};
		CD5D134D272EADCD00944E3F /* Release */ = {
			isa = XCBuildConfiguration;
			buildSettings = {
				ALWAYS_SEARCH_USER_PATHS = NO;
				CLANG_ANALYZER_NONNULL = YES;
				CLANG_ANALYZER_NUMBER_OBJECT_CONVERSION = YES_AGGRESSIVE;
				CLANG_CXX_LANGUAGE_STANDARD = "gnu++17";
				CLANG_CXX_LIBRARY = "libc++";
				CLANG_ENABLE_MODULES = YES;
				CLANG_ENABLE_OBJC_ARC = YES;
				CLANG_ENABLE_OBJC_WEAK = YES;
				CLANG_WARN_BLOCK_CAPTURE_AUTORELEASING = YES;
				CLANG_WARN_BOOL_CONVERSION = YES;
				CLANG_WARN_COMMA = YES;
				CLANG_WARN_CONSTANT_CONVERSION = YES;
				CLANG_WARN_DEPRECATED_OBJC_IMPLEMENTATIONS = YES;
				CLANG_WARN_DIRECT_OBJC_ISA_USAGE = YES_ERROR;
				CLANG_WARN_DOCUMENTATION_COMMENTS = YES;
				CLANG_WARN_EMPTY_BODY = YES;
				CLANG_WARN_ENUM_CONVERSION = YES;
				CLANG_WARN_INFINITE_RECURSION = YES;
				CLANG_WARN_INT_CONVERSION = YES;
				CLANG_WARN_NON_LITERAL_NULL_CONVERSION = YES;
				CLANG_WARN_OBJC_IMPLICIT_RETAIN_SELF = YES;
				CLANG_WARN_OBJC_LITERAL_CONVERSION = YES;
				CLANG_WARN_OBJC_ROOT_CLASS = YES_ERROR;
				CLANG_WARN_QUOTED_INCLUDE_IN_FRAMEWORK_HEADER = YES;
				CLANG_WARN_RANGE_LOOP_ANALYSIS = YES;
				CLANG_WARN_STRICT_PROTOTYPES = YES;
				CLANG_WARN_SUSPICIOUS_MOVE = YES;
				CLANG_WARN_UNGUARDED_AVAILABILITY = YES_AGGRESSIVE;
				CLANG_WARN_UNREACHABLE_CODE = YES;
				CLANG_WARN__DUPLICATE_METHOD_MATCH = YES;
				COPY_PHASE_STRIP = NO;
				DEAD_CODE_STRIPPING = YES;
				DEBUG_INFORMATION_FORMAT = "dwarf-with-dsym";
				ENABLE_NS_ASSERTIONS = NO;
				ENABLE_STRICT_OBJC_MSGSEND = YES;
				GCC_C_LANGUAGE_STANDARD = gnu11;
				GCC_NO_COMMON_BLOCKS = YES;
				GCC_WARN_64_TO_32_BIT_CONVERSION = YES;
				GCC_WARN_ABOUT_RETURN_TYPE = YES_ERROR;
				GCC_WARN_UNDECLARED_SELECTOR = YES;
				GCC_WARN_UNINITIALIZED_AUTOS = YES_AGGRESSIVE;
				GCC_WARN_UNUSED_FUNCTION = YES;
				GCC_WARN_UNUSED_VARIABLE = YES;
				MACOSX_DEPLOYMENT_TARGET = 12.0;
				MTL_ENABLE_DEBUG_INFO = NO;
				MTL_FAST_MATH = YES;
				SDKROOT = macosx;
				SWIFT_COMPILATION_MODE = wholemodule;
				SWIFT_OPTIMIZATION_LEVEL = "-O";
			};
			name = Release;
		};
		CD5D134F272EADCD00944E3F /* Debug */ = {
			isa = XCBuildConfiguration;
			buildSettings = {
				ASSETCATALOG_COMPILER_APPICON_NAME = AppIcon;
				ASSETCATALOG_COMPILER_GLOBAL_ACCENT_COLOR_NAME = AccentColor;
				ASSETCATALOG_COMPILER_INCLUDE_ALL_APPICON_ASSETS = YES;
				CODE_SIGN_ENTITLEMENTS = Innmind/Innmind.entitlements;
				CODE_SIGN_IDENTITY = "-";
				"CODE_SIGN_IDENTITY[sdk=macosx*]" = "Apple Development";
				CODE_SIGN_STYLE = Automatic;
				COMBINE_HIDPI_IMAGES = YES;
				CURRENT_PROJECT_VERSION = 3;
				DEAD_CODE_STRIPPING = YES;
				DEVELOPMENT_ASSET_PATHS = "\"Innmind/Preview Content\"";
				DEVELOPMENT_TEAM = 62A9CWW839;
				ENABLE_HARDENED_RUNTIME = YES;
				ENABLE_PREVIEWS = YES;
				GENERATE_INFOPLIST_FILE = YES;
				INFOPLIST_KEY_LSApplicationCategoryType = "public.app-category.developer-tools";
				INFOPLIST_KEY_NSHumanReadableCopyright = "";
				LD_RUNPATH_SEARCH_PATHS = (
					"$(inherited)",
					"@executable_path/../Frameworks",
				);
				MACOSX_DEPLOYMENT_TARGET = 13.0;
				MARKETING_VERSION = 1.1.1;
				PRODUCT_BUNDLE_IDENTIFIER = com.innmind.Innmind;
				PRODUCT_NAME = "$(TARGET_NAME)";
				SWIFT_EMIT_LOC_STRINGS = YES;
				SWIFT_VERSION = 5.0;
			};
			name = Debug;
		};
		CD5D1350272EADCD00944E3F /* Release */ = {
			isa = XCBuildConfiguration;
			buildSettings = {
				ASSETCATALOG_COMPILER_APPICON_NAME = AppIcon;
				ASSETCATALOG_COMPILER_GLOBAL_ACCENT_COLOR_NAME = AccentColor;
				ASSETCATALOG_COMPILER_INCLUDE_ALL_APPICON_ASSETS = YES;
				CODE_SIGN_ENTITLEMENTS = Innmind/Innmind.entitlements;
				CODE_SIGN_IDENTITY = "-";
				"CODE_SIGN_IDENTITY[sdk=macosx*]" = "Apple Development";
				CODE_SIGN_STYLE = Automatic;
				COMBINE_HIDPI_IMAGES = YES;
				CURRENT_PROJECT_VERSION = 3;
				DEAD_CODE_STRIPPING = YES;
				DEVELOPMENT_ASSET_PATHS = "\"Innmind/Preview Content\"";
				DEVELOPMENT_TEAM = 62A9CWW839;
				ENABLE_HARDENED_RUNTIME = YES;
				ENABLE_PREVIEWS = YES;
				GENERATE_INFOPLIST_FILE = YES;
				INFOPLIST_KEY_LSApplicationCategoryType = "public.app-category.developer-tools";
				INFOPLIST_KEY_NSHumanReadableCopyright = "";
				LD_RUNPATH_SEARCH_PATHS = (
					"$(inherited)",
					"@executable_path/../Frameworks",
				);
				MACOSX_DEPLOYMENT_TARGET = 13.0;
				MARKETING_VERSION = 1.1.1;
				PRODUCT_BUNDLE_IDENTIFIER = com.innmind.Innmind;
				PRODUCT_NAME = "$(TARGET_NAME)";
				SWIFT_EMIT_LOC_STRINGS = YES;
				SWIFT_VERSION = 5.0;
			};
			name = Release;
		};
		CD5D1352272EADCD00944E3F /* Debug */ = {
			isa = XCBuildConfiguration;
			buildSettings = {
				ALWAYS_EMBED_SWIFT_STANDARD_LIBRARIES = YES;
				BUNDLE_LOADER = "$(TEST_HOST)";
				CODE_SIGN_STYLE = Automatic;
				COMBINE_HIDPI_IMAGES = YES;
				CURRENT_PROJECT_VERSION = 1;
				DEAD_CODE_STRIPPING = YES;
				DEVELOPMENT_TEAM = 62A9CWW839;
				GENERATE_INFOPLIST_FILE = YES;
				LD_RUNPATH_SEARCH_PATHS = (
					"$(inherited)",
					"@executable_path/../Frameworks",
					"@loader_path/../Frameworks",
				);
				MACOSX_DEPLOYMENT_TARGET = 13.0;
				MARKETING_VERSION = 1.0;
				PRODUCT_BUNDLE_IDENTIFIER = com.innmind.InnmindTests;
				PRODUCT_NAME = "$(TARGET_NAME)";
				SWIFT_EMIT_LOC_STRINGS = NO;
				SWIFT_VERSION = 5.0;
				TEST_HOST = "$(BUILT_PRODUCTS_DIR)/Innmind.app/Contents/MacOS/Innmind";
			};
			name = Debug;
		};
		CD5D1353272EADCD00944E3F /* Release */ = {
			isa = XCBuildConfiguration;
			buildSettings = {
				ALWAYS_EMBED_SWIFT_STANDARD_LIBRARIES = YES;
				BUNDLE_LOADER = "$(TEST_HOST)";
				CODE_SIGN_STYLE = Automatic;
				COMBINE_HIDPI_IMAGES = YES;
				CURRENT_PROJECT_VERSION = 1;
				DEAD_CODE_STRIPPING = YES;
				DEVELOPMENT_TEAM = 62A9CWW839;
				GENERATE_INFOPLIST_FILE = YES;
				LD_RUNPATH_SEARCH_PATHS = (
					"$(inherited)",
					"@executable_path/../Frameworks",
					"@loader_path/../Frameworks",
				);
				MACOSX_DEPLOYMENT_TARGET = 13.0;
				MARKETING_VERSION = 1.0;
				PRODUCT_BUNDLE_IDENTIFIER = com.innmind.InnmindTests;
				PRODUCT_NAME = "$(TARGET_NAME)";
				SWIFT_EMIT_LOC_STRINGS = NO;
				SWIFT_VERSION = 5.0;
				TEST_HOST = "$(BUILT_PRODUCTS_DIR)/Innmind.app/Contents/MacOS/Innmind";
			};
			name = Release;
		};
		CD5D1355272EADCD00944E3F /* Debug */ = {
			isa = XCBuildConfiguration;
			buildSettings = {
				ALWAYS_EMBED_SWIFT_STANDARD_LIBRARIES = YES;
				CODE_SIGN_STYLE = Automatic;
				COMBINE_HIDPI_IMAGES = YES;
				CURRENT_PROJECT_VERSION = 1;
				DEAD_CODE_STRIPPING = YES;
				DEVELOPMENT_TEAM = 62A9CWW839;
				GENERATE_INFOPLIST_FILE = YES;
				LD_RUNPATH_SEARCH_PATHS = (
					"$(inherited)",
					"@executable_path/../Frameworks",
					"@loader_path/../Frameworks",
				);
				MARKETING_VERSION = 1.0;
				PRODUCT_BUNDLE_IDENTIFIER = com.innmind.InnmindUITests;
				PRODUCT_NAME = "$(TARGET_NAME)";
				SWIFT_EMIT_LOC_STRINGS = NO;
				SWIFT_VERSION = 5.0;
				TEST_TARGET_NAME = Innmind;
			};
			name = Debug;
		};
		CD5D1356272EADCD00944E3F /* Release */ = {
			isa = XCBuildConfiguration;
			buildSettings = {
				ALWAYS_EMBED_SWIFT_STANDARD_LIBRARIES = YES;
				CODE_SIGN_STYLE = Automatic;
				COMBINE_HIDPI_IMAGES = YES;
				CURRENT_PROJECT_VERSION = 1;
				DEAD_CODE_STRIPPING = YES;
				DEVELOPMENT_TEAM = 62A9CWW839;
				GENERATE_INFOPLIST_FILE = YES;
				LD_RUNPATH_SEARCH_PATHS = (
					"$(inherited)",
					"@executable_path/../Frameworks",
					"@loader_path/../Frameworks",
				);
				MARKETING_VERSION = 1.0;
				PRODUCT_BUNDLE_IDENTIFIER = com.innmind.InnmindUITests;
				PRODUCT_NAME = "$(TARGET_NAME)";
				SWIFT_EMIT_LOC_STRINGS = NO;
				SWIFT_VERSION = 5.0;
				TEST_TARGET_NAME = Innmind;
			};
			name = Release;
		};
/* End XCBuildConfiguration section */

/* Begin XCConfigurationList section */
		CD5D1324272EADCC00944E3F /* Build configuration list for PBXProject "Innmind" */ = {
			isa = XCConfigurationList;
			buildConfigurations = (
				CD5D134C272EADCD00944E3F /* Debug */,
				CD5D134D272EADCD00944E3F /* Release */,
			);
			defaultConfigurationIsVisible = 0;
			defaultConfigurationName = Release;
		};
		CD5D134E272EADCD00944E3F /* Build configuration list for PBXNativeTarget "Innmind" */ = {
			isa = XCConfigurationList;
			buildConfigurations = (
				CD5D134F272EADCD00944E3F /* Debug */,
				CD5D1350272EADCD00944E3F /* Release */,
			);
			defaultConfigurationIsVisible = 0;
			defaultConfigurationName = Release;
		};
		CD5D1351272EADCD00944E3F /* Build configuration list for PBXNativeTarget "InnmindTests" */ = {
			isa = XCConfigurationList;
			buildConfigurations = (
				CD5D1352272EADCD00944E3F /* Debug */,
				CD5D1353272EADCD00944E3F /* Release */,
			);
			defaultConfigurationIsVisible = 0;
			defaultConfigurationName = Release;
		};
		CD5D1354272EADCD00944E3F /* Build configuration list for PBXNativeTarget "InnmindUITests" */ = {
			isa = XCConfigurationList;
			buildConfigurations = (
				CD5D1355272EADCD00944E3F /* Debug */,
				CD5D1356272EADCD00944E3F /* Release */,
			);
			defaultConfigurationIsVisible = 0;
			defaultConfigurationName = Release;
		};
/* End XCConfigurationList section */

/* Begin XCVersionGroup section */
		CD0246082740187400C4E1E7 /* Innmind.xcdatamodeld */ = {
			isa = XCVersionGroup;
			children = (
				CD0246092740187400C4E1E7 /* Innmind.xcdatamodel */,
			);
			currentVersion = CD0246092740187400C4E1E7 /* Innmind.xcdatamodel */;
			path = Innmind.xcdatamodeld;
			sourceTree = "<group>";
			versionGroupType = wrapper.xcdatamodel;
		};
/* End XCVersionGroup section */
	};
	rootObject = CD5D1321272EADCC00944E3F /* Project object */;
}
